
Microsoft Visual Studio Solution File, Format Version 12.00
# Visual Studio 15
VisualStudioVersion = 15.0.27130.2010
MinimumVisualStudioVersion = 10.0.40219.1
Project("{2150E333-8FDC-42A3-9474-1A3956D46DE8}") = "src", "src", "{FECD58C2-80CF-42A7-A78F-D6B02AB520BB}"
EndProject
Project("{FAE04EC0-301F-11D3-BF4B-00C04F79EFBC}") = "GladerSpyroTools.Editor", "src\GladerSpyroTools.Editor\GladerSpyroTools.Editor.csproj", "{9CDF7950-856F-4A99-B6DC-835DC026244D}"
EndProject
Global
	GlobalSection(SolutionConfigurationPlatforms) = preSolution
		Debug|Any CPU = Debug|Any CPU
		Release|Any CPU = Release|Any CPU
	EndGlobalSection
	GlobalSection(ProjectConfigurationPlatforms) = postSolution
		{9CDF7950-856F-4A99-B6DC-835DC026244D}.Debug|Any CPU.ActiveCfg = Debug|Any CPU
		{9CDF7950-856F-4A99-B6DC-835DC026244D}.Debug|Any CPU.Build.0 = Debug|Any CPU
		{9CDF7950-856F-4A99-B6DC-835DC026244D}.Release|Any CPU.ActiveCfg = Release|Any CPU
		{9CDF7950-856F-4A99-B6DC-835DC026244D}.Release|Any CPU.Build.0 = Release|Any CPU
	EndGlobalSection
	GlobalSection(SolutionProperties) = preSolution
		HideSolutionNode = FALSE
	EndGlobalSection
	GlobalSection(NestedProjects) = preSolution
		{9CDF7950-856F-4A99-B6DC-835DC026244D} = {FECD58C2-80CF-42A7-A78F-D6B02AB520BB}
	EndGlobalSection
	GlobalSection(ExtensibilityGlobals) = postSolution
		SolutionGuid = {6E3B6F82-79A3-4BBC-8A78-ECC5B5C13B5D}
	EndGlobalSection
EndGlobal
